{
  "name": "ys-pnodejs",
  "version": "1.1.2",
  "lockfileVersion": 1,
  "requires": true,
  "dependencies": {
    "assertion-error": {
      "version": "1.0.2",
      "resolved": "http://10.210.201.227/assertion-error/-/assertion-error-1.0.2.tgz",
      "integrity": "sha1-E8pRXYYgbaC6xm6DTdOX2HWBCUw="
    },
    "async": {
      "version": "2.4.1",
      "resolved": "http://10.210.201.227/async/-/async-2.4.1.tgz",
      "integrity": "sha1-YqVrJ5yYoR0JhwlqAcw+6463u9c=",
      "requires": {
        "lodash": "4.17.4"
      }
    },
    "chai": {
      "version": "4.0.2",
      "resolved": "http://10.210.201.227/chai/-/chai-4.0.2.tgz",
      "integrity": "sha1-L3MnxN5vOF3XeHmZ4qsCaXoyuDs=",
      "requires": {
        "assertion-error": "1.0.2",
        "check-error": "1.0.2",
        "deep-eql": "2.0.2",
        "get-func-name": "2.0.0",
        "pathval": "1.1.0",
        "type-detect": "4.0.3"
      }
    },
    "check-error": {
      "version": "1.0.2",
      "resolved": "http://10.210.201.227/check-error/-/check-error-1.0.2.tgz",
      "integrity": "sha1-V00xLt2Iu13YkS6Sht1sCu1KrII="
    },
    "deep-eql": {
      "version": "2.0.2",
      "resolved": "http://10.210.201.227/deep-eql/-/deep-eql-2.0.2.tgz",
      "integrity": "sha1-sbrAblbwp2d3aG1Qyf63XC7XZ5o=",
      "requires": {
        "type-detect": "3.0.0"
      },
      "dependencies": {
        "type-detect": {
          "version": "3.0.0",
          "resolved": "http://10.210.201.227/type-detect/-/type-detect-3.0.0.tgz",
          "integrity": "sha1-RtDMhVOrt7E6NSsNbeov1Y8tm1U="
        }
      }
    },
    "diff": {
      "version": "3.2.0",
      "resolved": "http://10.210.201.227/diff/-/diff-3.2.0.tgz",
      "integrity": "sha1-yc45Okt8vQsFinJck98pkCeGj/k="
    },
    "formatio": {
      "version": "1.2.0",
      "resolved": "http://10.210.201.227/formatio/-/formatio-1.2.0.tgz",
      "integrity": "sha1-87IWfZBoxGmKjVH092CjmlTYGOs="
    },
    "get-func-name": {
      "version": "2.0.0",
      "resolved": "http://10.210.201.227/get-func-name/-/get-func-name-2.0.0.tgz",
      "integrity": "sha1-6td0q+5y4gQJQzoGY2YCPdaIekE="
    },
    "hazelcast-client": {
      "version": "0.3.0",
      "resolved": "http://10.210.201.227/hazelcast-client/-/hazelcast-client-0.3.0.tgz",
      "integrity": "sha1-/0Y5QxMvb6BzQoFAJYAA8QnwkTQ="
    },
    "isarray": {
      "version": "0.0.1",
      "resolved": "http://10.210.201.227/isarray/-/isarray-0.0.1.tgz",
      "integrity": "sha1-ihis/Kmo9Bd+Cav8YDiTmwXR7t8="
    },
    "lodash": {
      "version": "4.17.4",
      "resolved": "http://10.210.201.227/lodash/-/lodash-4.17.4.tgz",
      "integrity": "sha1-eCA6TRwyiuHYbcpkYONptX9AVa4="
    },
    "lolex": {
      "version": "1.6.0",
      "resolved": "http://10.210.201.227/lolex/-/lolex-1.6.0.tgz",
      "integrity": "sha1-OpoCg0UqR9dDnnJzG54H1zhuSfY="
    },
    "long": {
      "version": "3.1.0",
      "resolved": "http://10.210.201.227/long/-/long-3.1.0.tgz",
      "integrity": "sha1-5GXId9YjXaZtRGxZrYFIAehznUI="
    },
    "moment": {
      "version": "2.18.1",
      "resolved": "http://10.210.201.227/moment/-/moment-2.18.1.tgz",
      "integrity": "sha1-w2GT3Tzhwu7SrbfIAtu8d6gbHA8="
    },
    "native-promise-only": {
      "version": "0.8.1",
      "resolved": "http://10.210.201.227/native-promise-only/-/native-promise-only-0.8.1.tgz",
      "integrity": "sha1-IKMYwwy0X3H+et+/eyHJnBRy7xE="
    },
    "path-to-regexp": {
      "version": "1.7.0",
      "resolved": "http://10.210.201.227/path-to-regexp/-/path-to-regexp-1.7.0.tgz",
      "integrity": "sha1-Wf3g9DW62suhA6hOnTvGTpa5k30="
    },
    "pathval": {
      "version": "1.1.0",
      "resolved": "http://10.210.201.227/pathval/-/pathval-1.1.0.tgz",
      "integrity": "sha1-uULm1L3mUwBe9rcTYd74cn0GReA="
    },
    "q": {
      "version": "1.4.1",
      "resolved": "http://10.210.201.227/q/-/q-1.4.1.tgz",
      "integrity": "sha1-VXBbzZPF82c1MMLCy8DCs63cKG4="
    },
    "samsam": {
      "version": "1.2.1",
      "resolved": "http://10.210.201.227/samsam/-/samsam-1.2.1.tgz",
      "integrity": "sha1-7dOQk6MYQ3DLhZJDsr3yVefY6mc="
    },
    "simple-node-logger": {
      "version": "0.93.27",
      "resolved": "http://10.210.201.227/simple-node-logger/-/simple-node-logger-0.93.27.tgz",
      "integrity": "sha1-v17Dz0i1JWGJgKYNHnroDJ+mjDI=",
      "requires": {
        "lodash": "4.17.4",
        "moment": "2.18.1"
      }
    },
    "sinon": {
      "version": "2.3.4",
      "resolved": "http://10.210.201.227/sinon/-/sinon-2.3.4.tgz",
      "integrity": "sha1-RmrY0brobW21GqIYuS6Ze8Pl24g=",
      "requires": {
        "diff": "3.2.0",
        "formatio": "1.2.0",
        "lolex": "1.6.0",
        "native-promise-only": "0.8.1",
        "path-to-regexp": "1.7.0",
        "samsam": "1.2.1",
        "text-encoding": "0.6.4",
        "type-detect": "4.0.3"
      }
    },
    "text-encoding": {
      "version": "0.6.4",
      "resolved": "http://10.210.201.227/text-encoding/-/text-encoding-0.6.4.tgz",
      "integrity": "sha1-45mpgiV6J22uQou5KEXLcb3CbRk="
    },
    "type-detect": {
      "version": "4.0.3",
      "resolved": "http://10.210.201.227/type-detect/-/type-detect-4.0.3.tgz",
      "integrity": "sha1-Dj8mcLRAmbC0bChNE2p+9Jx0wuo="
    },
    "yarn": {
      "version": "1.3.2",
      "resolved": "https://registry.npmjs.org/yarn/-/yarn-1.3.2.tgz",
      "integrity": "sha1-WTl2JYG1tN3NNBjA9r5C3zruGV8="
    }
  }
}
